Microsoft Visual Studio Solution File, Format Version 12.00
# Visual Studio Version 17
VisualStudioVersion = 17.5.2.0
MinimumVisualStudioVersion = 10.0.40219.1
Project("{FAE04EC0-301F-11D3-BF4B-00C04F79EFBC}") = "Catv", "Catv.csproj", "{2D4DB960-7E9C-35E4-D325-97FC45203FCB}"
EndProject
Global
	GlobalSection(SolutionConfigurationPlatforms) = preSolution
		Debug|Any CPU = Debug|Any CPU
		Release|Any CPU = Release|Any CPU
	EndGlobalSection
	GlobalSection(ProjectConfigurationPlatforms) = postSolution
		{2D4DB960-7E9C-35E4-D325-97FC45203FCB}.Debug|Any CPU.ActiveCfg = Debug|Any CPU
		{2D4DB960-7E9C-35E4-D325-97FC45203FCB}.Debug|Any CPU.Build.0 = Debug|Any CPU
		{2D4DB960-7E9C-35E4-D325-97FC45203FCB}.Release|Any CPU.ActiveCfg = Release|Any CPU
		{2D4DB960-7E9C-35E4-D325-97FC45203FCB}.Release|Any CPU.Build.0 = Release|Any CPU
	EndGlobalSection
	GlobalSection(SolutionProperties) = preSolution
		HideSolutionNode = FALSE
	EndGlobalSection
	GlobalSection(ExtensibilityGlobals) = postSolution
		SolutionGuid = {35E39836-1A99-44D9-827A-C8E0966EABDA}
	EndGlobalSection
EndGlobal
